// !$*UTF8*$!
{
	archiveVersion = 1;
	classes = {
	};
	objectVersion = 55;
	objects = {

/* Begin PBXBuildFile section */
		E243AFC32767AB5A00F618CF /* AppDelegate.m in Sources */ = {isa = PBXBuildFile; fileRef = E243AFC22767AB5A00F618CF /* AppDelegate.m */; };
		E243AFC62767AB5A00F618CF /* SceneDelegate.m in Sources */ = {isa = PBXBuildFile; fileRef = E243AFC52767AB5A00F618CF /* SceneDelegate.m */; };
		E243AFC92767AB5A00F618CF /* ViewController.m in Sources */ = {isa = PBXBuildFile; fileRef = E243AFC82767AB5A00F618CF /* ViewController.m */; };
		E243AFCC2767AB5A00F618CF /* Main.storyboard in Resources */ = {isa = PBXBuildFile; fileRef = E243AFCA2767AB5A00F618CF /* Main.storyboard */; };
		E243AFCE2767AB5F00F618CF /* Assets.xcassets in Resources */ = {isa = PBXBuildFile; fileRef = E243AFCD2767AB5F00F618CF /* Assets.xcassets */; };
		E243AFD12767AB5F00F618CF /* LaunchScreen.storyboard in Resources */ = {isa = PBXBuildFile; fileRef = E243AFCF2767AB5F00F618CF /* LaunchScreen.storyboard */; };
		E243AFD42767AB5F00F618CF /* main.m in Sources */ = {isa = PBXBuildFile; fileRef = E243AFD32767AB5F00F618CF /* main.m */; };
/* End PBXBuildFile section */

/* Begin PBXFileReference section */
		E243AFBE2767AB5A00F618CF /* AS10-Notifications.app */ = {isa = PBXFileReference; explicitFileType = wrapper.application; includeInIndex = 0; path = "AS10-Notifications.app"; sourceTree = BUILT_PRODUCTS_DIR; };
		E243AFC12767AB5A00F618CF /* AppDelegate.h */ = {isa = PBXFileReference; lastKnownFileType = sourcecode.c.h; path = AppDelegate.h; sourceTree = "<group>"; };
		E243AFC22767AB5A00F618CF /* AppDelegate.m */ = {isa = PBXFileReference; lastKnownFileType = sourcecode.c.objc; path = AppDelegate.m; sourceTree = "<group>"; };
		E243AFC42767AB5A00F618CF /* SceneDelegate.h */ = {isa = PBXFileReference; lastKnownFileType = sourcecode.c.h; path = SceneDelegate.h; sourceTree = "<group>"; };
		E243AFC52767AB5A00F618CF /* SceneDelegate.m */ = {isa = PBXFileReference; lastKnownFileType = sourcecode.c.objc; path = SceneDelegate.m; sourceTree = "<group>"; };
		E243AFC72767AB5A00F618CF /* ViewController.h */ = {isa = PBXFileReference; lastKnownFileType = sourcecode.c.h; path = ViewController.h; sourceTree = "<group>"; };
		E243AFC82767AB5A00F618CF /* ViewController.m */ = {isa = PBXFileReference; lastKnownFileType = sourcecode.c.objc; path = ViewController.m; sourceTree = "<group>"; };
		E243AFCB2767AB5A00F618CF /* Base */ = {isa = PBXFileReference; lastKnownFileType = file.storyboard; name = Base; path = Base.lproj/Main.storyboard; sourceTree = "<group>"; };
		E243AFCD2767AB5F00F618CF /* Assets.xcassets */ = {isa = PBXFileReference; lastKnownFileType = folder.assetcatalog; path = Assets.xcassets; sourceTree = "<group>"; };
		E243AFD02767AB5F00F618CF /* Base */ = {isa = PBXFileReference; lastKnownFileType = file.storyboard; name = Base; path = Base.lproj/LaunchScreen.storyboard; sourceTree = "<group>"; };
		E243AFD22767AB5F00F618CF /* Info.plist */ = {isa = PBXFileReference; lastKnownFileType = text.plist.xml; path = Info.plist; sourceTree = "<group>"; };
		E243AFD32767AB5F00F618CF /* main.m */ = {isa = PBXFileReference; lastKnownFileType = sourcecode.c.objc; path = main.m; sourceTree = "<group>"; };
/* End PBXFileReference section */

/* Begin PBXFrameworksBuildPhase section */
		E243AFBB2767AB5A00F618CF /* Frameworks */ = {
			isa = PBXFrameworksBuildPhase;
			buildActionMask = 2147483647;
			files = (
			);
			runOnlyForDeploymentPostprocessing = 0;
		};
/* End PBXFrameworksBuildPhase section */

/* Begin PBXGroup section */
		E243AFB52767AB5A00F618CF = {
			isa = PBXGroup;
			children = (
				E243AFC02767AB5A00F618CF /* AS10-Notifications */,
				E243AFBF2767AB5A00F618CF /* Products */,
			);
			sourceTree = "<group>";
		};
		E243AFBF2767AB5A00F618CF /* Products */ = {
			isa = PBXGroup;
			children = (
				E243AFBE2767AB5A00F618CF /* AS10-Notifications.app */,
			);
			name = Products;
			sourceTree = "<group>";
		};
		E243AFC02767AB5A00F618CF /* AS10-Notifications */ = {
			isa = PBXGroup;
			children = (
				E243AFC12767AB5A00F618CF /* AppDelegate.h */,
				E243AFC22767AB5A00F618CF /* AppDelegate.m */,
				E243AFC42767AB5A00F618CF /* SceneDelegate.h */,
				E243AFC52767AB5A00F618CF /* SceneDelegate.m */,
				E243AFC72767AB5A00F618CF /* ViewController.h */,
				E243AFC82767AB5A00F618CF /* ViewController.m */,
				E243AFCA2767AB5A00F618CF /* Main.storyboard */,
				E243AFCD2767AB5F00F618CF /* Assets.xcassets */,
				E243AFCF2767AB5F00F618CF /* LaunchScreen.storyboard */,
				E243AFD22767AB5F00F618CF /* Info.plist */,
				E243AFD32767AB5F00F618CF /* main.m */,
			);
			path = "AS10-Notifications";
			sourceTree = "<group>";
		};
/* End PBXGroup section */

/* Begin PBXNativeTarget section */
		E243AFBD2767AB5A00F618CF /* AS10-Notifications */ = {
			isa = PBXNativeTarget;
			buildConfigurationList = E243AFD72767AB5F00F618CF /* Build configuration list for PBXNativeTarget "AS10-Notifications" */;
			buildPhases = (
				E243AFBA2767AB5A00F618CF /* Sources */,
				E243AFBB2767AB5A00F618CF /* Frameworks */,
				E243AFBC2767AB5A00F618CF /* Resources */,
			);
			buildRules = (
			);
			dependencies = (
			);
			name = "AS10-Notifications";
			productName = "AS10-Notifications";
			productReference = E243AFBE2767AB5A00F618CF /* AS10-Notifications.app */;
			productType = "com.apple.product-type.application";
		};
/* End PBXNativeTarget section */

/* Begin PBXProject section */
		E243AFB62767AB5A00F618CF /* Project object */ = {
			isa = PBXProject;
			attributes = {
				BuildIndependentTargetsInParallel = 1;
				LastUpgradeCheck = 1300;
				TargetAttributes = {
					E243AFBD2767AB5A00F618CF = {
						CreatedOnToolsVersion = 13.0;
					};
				};
			};
			buildConfigurationList = E243AFB92767AB5A00F618CF /* Build configuration list for PBXProject "AS10-Notifications" */;
			compatibilityVersion = "Xcode 13.0";
			developmentRegion = en;
			hasScannedForEncodings = 0;
			knownRegions = (
				en,
				Base,
			);
			mainGroup = E243AFB52767AB5A00F618CF;
			productRefGroup = E243AFBF2767AB5A00F618CF /* Products */;
			projectDirPath = "";
			projectRoot = "";
			targets = (
				E243AFBD2767AB5A00F618CF /* AS10-Notifications */,
			);
		};
/* End PBXProject section */

/* Begin PBXResourcesBuildPhase section */
		E243AFBC2767AB5A00F618CF /* Resources */ = {
			isa = PBXResourcesBuildPhase;
			buildActionMask = 2147483647;
			files = (
				E243AFD12767AB5F00F618CF /* LaunchScreen.storyboard in Resources */,
				E243AFCE2767AB5F00F618CF /* Assets.xcassets in Resources */,
				E243AFCC2767AB5A00F618CF /* Main.storyboard in Resources */,
			);
			runOnlyForDeploymentPostprocessing = 0;
		};
/* End PBXResourcesBuildPhase section */

/* Begin PBXSourcesBuildPhase section */
		E243AFBA2767AB5A00F618CF /* Sources */ = {
			isa = PBXSourcesBuildPhase;
			buildActionMask = 2147483647;
			files = (
				E243AFC92767AB5A00F618CF /* ViewController.m in Sources */,
				E243AFC32767AB5A00F618CF /* AppDelegate.m in Sources */,
				E243AFD42767AB5F00F618CF /* main.m in Sources */,
				E243AFC62767AB5A00F618CF /* SceneDelegate.m in Sources */,
			);
			runOnlyForDeploymentPostprocessing = 0;
		};
/* End PBXSourcesBuildPhase section */

/* Begin PBXVariantGroup section */
		E243AFCA2767AB5A00F618CF /* Main.storyboard */ = {
			isa = PBXVariantGroup;
			children = (
				E243AFCB2767AB5A00F618CF /* Base */,
			);
			name = Main.storyboard;
			sourceTree = "<group>";
		};
		E243AFCF2767AB5F00F618CF /* LaunchScreen.storyboard */ = {
			isa = PBXVariantGroup;
			children = (
				E243AFD02767AB5F00F618CF /* Base */,
			);
			name = LaunchScreen.storyboard;
			sourceTree = "<group>";
		};
/* End PBXVariantGroup section */

/* Begin XCBuildConfiguration section */
		E243AFD52767AB5F00F618CF /* Debug */ = {
			isa = XCBuildConfiguration;
			buildSettings = {
				ALWAYS_SEARCH_USER_PATHS = NO;
				CLANG_ANALYZER_NONNULL = YES;
				CLANG_ANALYZER_NUMBER_OBJECT_CONVERSION = YES_AGGRESSIVE;
				CLANG_CXX_LANGUAGE_STANDARD = "gnu++17";
				CLANG_CXX_LIBRARY = "libc++";
				CLANG_ENABLE_MODULES = YES;
				CLANG_ENABLE_OBJC_ARC = YES;
				CLANG_ENABLE_OBJC_WEAK = YES;
				CLANG_WARN_BLOCK_CAPTURE_AUTORELEASING = YES;
				CLANG_WARN_BOOL_CONVERSION = YES;
				CLANG_WARN_COMMA = YES;
				CLANG_WARN_CONSTANT_CONVERSION = YES;
				CLANG_WARN_DEPRECATED_OBJC_IMPLEMENTATIONS = YES;
				CLANG_WARN_DIRECT_OBJC_ISA_USAGE = YES_ERROR;
				CLANG_WARN_DOCUMENTATION_COMMENTS = YES;
				CLANG_WARN_EMPTY_BODY = YES;
				CLANG_WARN_ENUM_CONVERSION = YES;
				CLANG_WARN_INFINITE_RECURSION = YES;
				CLANG_WARN_INT_CONVERSION = YES;
				CLANG_WARN_NON_LITERAL_NULL_CONVERSION = YES;
				CLANG_WARN_OBJC_IMPLICIT_RETAIN_SELF = YES;
				CLANG_WARN_OBJC_LITERAL_CONVERSION = YES;
				CLANG_WARN_OBJC_ROOT_CLASS = YES_ERROR;
				CLANG_WARN_QUOTED_INCLUDE_IN_FRAMEWORK_HEADER = YES;
				CLANG_WARN_RANGE_LOOP_ANALYSIS = YES;
				CLANG_WARN_STRICT_PROTOTYPES = YES;
				CLANG_WARN_SUSPICIOUS_MOVE = YES;
				CLANG_WARN_UNGUARDED_AVAILABILITY = YES_AGGRESSIVE;
				CLANG_WARN_UNREACHABLE_CODE = YES;
				CLANG_WARN__DUPLICATE_METHOD_MATCH = YES;
				COPY_PHASE_STRIP = NO;
				DEBUG_INFORMATION_FORMAT = dwarf;
				ENABLE_STRICT_OBJC_MSGSEND = YES;
				ENABLE_TESTABILITY = YES;
				GCC_C_LANGUAGE_STANDARD = gnu11;
				GCC_DYNAMIC_NO_PIC = NO;
				GCC_NO_COMMON_BLOCKS = YES;
				GCC_OPTIMIZATION_LEVEL = 0;
				GCC_PREPROCESSOR_DEFINITIONS = (
					"DEBUG=1",
					"$(inherited)",
				);
				GCC_WARN_64_TO_32_BIT_CONVERSION = YES;
				GCC_WARN_ABOUT_RETURN_TYPE = YES_ERROR;
				GCC_WARN_UNDECLARED_SELECTOR = YES;
				GCC_WARN_UNINITIALIZED_AUTOS = YES_AGGRESSIVE;
				GCC_WARN_UNUSED_FUNCTION = YES;
				GCC_WARN_UNUSED_VARIABLE = YES;
				IPHONEOS_DEPLOYMENT_TARGET = 15.0;
				MTL_ENABLE_DEBUG_INFO = INCLUDE_SOURCE;
				MTL_FAST_MATH = YES;
				ONLY_ACTIVE_ARCH = YES;
				SDKROOT = iphoneos;
			};
			name = Debug;
		};
		E243AFD62767AB5F00F618CF /* Release */ = {
			isa = XCBuildConfiguration;
			buildSettings = {
				ALWAYS_SEARCH_USER_PATHS = NO;
				CLANG_ANALYZER_NONNULL = YES;
				CLANG_ANALYZER_NUMBER_OBJECT_CONVERSION = YES_AGGRESSIVE;
				CLANG_CXX_LANGUAGE_STANDARD = "gnu++17";
				CLANG_CXX_LIBRARY = "libc++";
				CLANG_ENABLE_MODULES = YES;
				CLANG_ENABLE_OBJC_ARC = YES;
				CLANG_ENABLE_OBJC_WEAK = YES;
				CLANG_WARN_BLOCK_CAPTURE_AUTORELEASING = YES;
				CLANG_WARN_BOOL_CONVERSION = YES;
				CLANG_WARN_COMMA = YES;
				CLANG_WARN_CONSTANT_CONVERSION = YES;
				CLANG_WARN_DEPRECATED_OBJC_IMPLEMENTATIONS = YES;
				CLANG_WARN_DIRECT_OBJC_ISA_USAGE = YES_ERROR;
				CLANG_WARN_DOCUMENTATION_COMMENTS = YES;
				CLANG_WARN_EMPTY_BODY = YES;
				CLANG_WARN_ENUM_CONVERSION = YES;
				CLANG_WARN_INFINITE_RECURSION = YES;
				CLANG_WARN_INT_CONVERSION = YES;
				CLANG_WARN_NON_LITERAL_NULL_CONVERSION = YES;
				CLANG_WARN_OBJC_IMPLICIT_RETAIN_SELF = YES;
				CLANG_WARN_OBJC_LITERAL_CONVERSION = YES;
				CLANG_WARN_OBJC_ROOT_CLASS = YES_ERROR;
				CLANG_WARN_QUOTED_INCLUDE_IN_FRAMEWORK_HEADER = YES;
				CLANG_WARN_RANGE_LOOP_ANALYSIS = YES;
				CLANG_WARN_STRICT_PROTOTYPES = YES;
				CLANG_WARN_SUSPICIOUS_MOVE = YES;
				CLANG_WARN_UNGUARDED_AVAILABILITY = YES_AGGRESSIVE;
				CLANG_WARN_UNREACHABLE_CODE = YES;
				CLANG_WARN__DUPLICATE_METHOD_MATCH = YES;
				COPY_PHASE_STRIP = NO;
				DEBUG_INFORMATION_FORMAT = "dwarf-with-dsym";
				ENABLE_NS_ASSERTIONS = NO;
				ENABLE_STRICT_OBJC_MSGSEND = YES;
				GCC_C_LANGUAGE_STANDARD = gnu11;
				GCC_NO_COMMON_BLOCKS = YES;
				GCC_WARN_64_TO_32_BIT_CONVERSION = YES;
				GCC_WARN_ABOUT_RETURN_TYPE = YES_ERROR;
				GCC_WARN_UNDECLARED_SELECTOR = YES;
				GCC_WARN_UNINITIALIZED_AUTOS = YES_AGGRESSIVE;
				GCC_WARN_UNUSED_FUNCTION = YES;
				GCC_WARN_UNUSED_VARIABLE = YES;
				IPHONEOS_DEPLOYMENT_TARGET = 15.0;
				MTL_ENABLE_DEBUG_INFO = NO;
				MTL_FAST_MATH = YES;
				SDKROOT = iphoneos;
				VALIDATE_PRODUCT = YES;
			};
			name = Release;
		};
		E243AFD82767AB5F00F618CF /* Debug */ = {
			isa = XCBuildConfiguration;
			buildSettings = {
				ASSETCATALOG_COMPILER_APPICON_NAME = AppIcon;
				ASSETCATALOG_COMPILER_GLOBAL_ACCENT_COLOR_NAME = AccentColor;
				CODE_SIGN_STYLE = Automatic;
				CURRENT_PROJECT_VERSION = 1;
				DEVELOPMENT_TEAM = 43CMLDYLSU;
				GENERATE_INFOPLIST_FILE = YES;
				INFOPLIST_FILE = "AS10-Notifications/Info.plist";
				INFOPLIST_KEY_UIApplicationSupportsIndirectInputEvents = YES;
				INFOPLIST_KEY_UILaunchStoryboardName = LaunchScreen;
				INFOPLIST_KEY_UIMainStoryboardFile = Main;
				INFOPLIST_KEY_UISupportedInterfaceOrientations_iPad = "UIInterfaceOrientationPortrait UIInterfaceOrientationPortraitUpsideDown UIInterfaceOrientationLandscapeLeft UIInterfaceOrientationLandscapeRight";
				INFOPLIST_KEY_UISupportedInterfaceOrientations_iPhone = "UIInterfaceOrientationPortrait UIInterfaceOrientationLandscapeLeft UIInterfaceOrientationLandscapeRight";
				LD_RUNPATH_SEARCH_PATHS = (
					"$(inherited)",
					"@executable_path/Frameworks",
				);
				MARKETING_VERSION = 1.0;
				PRODUCT_BUNDLE_IDENTIFIER = "com.benzotopor.AS10-Notifications";
				PRODUCT_NAME = "$(TARGET_NAME)";
				SWIFT_EMIT_LOC_STRINGS = YES;
				TARGETED_DEVICE_FAMILY = "1,2";
			};
			name = Debug;
		};
		E243AFD92767AB5F00F618CF /* Release */ = {
			isa = XCBuildConfiguration;
			buildSettings = {
				ASSETCATALOG_COMPILER_APPICON_NAME = AppIcon;
				ASSETCATALOG_COMPILER_GLOBAL_ACCENT_COLOR_NAME = AccentColor;
				CODE_SIGN_STYLE = Automatic;
				CURRENT_PROJECT_VERSION = 1;
				DEVELOPMENT_TEAM = 43CMLDYLSU;
				GENERATE_INFOPLIST_FILE = YES;
				INFOPLIST_FILE = "AS10-Notifications/Info.plist";
				INFOPLIST_KEY_UIApplicationSupportsIndirectInputEvents = YES;
				INFOPLIST_KEY_UILaunchStoryboardName = LaunchScreen;
				INFOPLIST_KEY_UIMainStoryboardFile = Main;
				INFOPLIST_KEY_UISupportedInterfaceOrientations_iPad = "UIInterfaceOrientationPortrait UIInterfaceOrientationPortraitUpsideDown UIInterfaceOrientationLandscapeLeft UIInterfaceOrientationLandscapeRight";
				INFOPLIST_KEY_UISupportedInterfaceOrientations_iPhone = "UIInterfaceOrientationPortrait UIInterfaceOrientationLandscapeLeft UIInterfaceOrientationLandscapeRight";
				LD_RUNPATH_SEARCH_PATHS = (
					"$(inherited)",
					"@executable_path/Frameworks",
				);
				MARKETING_VERSION = 1.0;
				PRODUCT_BUNDLE_IDENTIFIER = "com.benzotopor.AS10-Notifications";
				PRODUCT_NAME = "$(TARGET_NAME)";
				SWIFT_EMIT_LOC_STRINGS = YES;
				TARGETED_DEVICE_FAMILY = "1,2";
			};
			name = Release;
		};
/* End XCBuildConfiguration section */

/* Begin XCConfigurationList section */
		E243AFB92767AB5A00F618CF /* Build configuration list for PBXProject "AS10-Notifications" */ = {
			isa = XCConfigurationList;
			buildConfigurations = (
				E243AFD52767AB5F00F618CF /* Debug */,
				E243AFD62767AB5F00F618CF /* Release */,
			);
			defaultConfigurationIsVisible = 0;
			defaultConfigurationName = Release;
		};
		E243AFD72767AB5F00F618CF /* Build configuration list for PBXNativeTarget "AS10-Notifications" */ = {
			isa = XCConfigurationList;
			buildConfigurations = (
				E243AFD82767AB5F00F618CF /* Debug */,
				E243AFD92767AB5F00F618CF /* Release */,
			);
			defaultConfigurationIsVisible = 0;
			defaultConfigurationName = Release;
		};
/* End XCConfigurationList section */
	};
	rootObject = E243AFB62767AB5A00F618CF /* Project object */;
}
